
Microsoft Visual Studio Solution File, Format Version 12.00
# Visual Studio Version 16
VisualStudioVersion = 16.0.31702.278
MinimumVisualStudioVersion = 10.0.40219.1
Project("{FAE04EC0-301F-11D3-BF4B-00C04F79EFBC}") = "UserRegistrationException", "UserRegistrationException\UserRegistrationException.csproj", "{C607967D-8717-453C-A0A6-C0133C03C7E0}"
EndProject
Project("{FAE04EC0-301F-11D3-BF4B-00C04F79EFBC}") = "TestingUserRegistration", "TestingUserRegistration\TestingUserRegistration.csproj", "{212A909B-5752-433F-95A2-F9C9EC81A1D1}"
EndProject
Global
	GlobalSection(SolutionConfigurationPlatforms) = preSolution
		Debug|Any CPU = Debug|Any CPU
		Release|Any CPU = Release|Any CPU
	EndGlobalSection
	GlobalSection(ProjectConfigurationPlatforms) = postSolution
		{C607967D-8717-453C-A0A6-C0133C03C7E0}.Debug|Any CPU.ActiveCfg = Debug|Any CPU
		{C607967D-8717-453C-A0A6-C0133C03C7E0}.Debug|Any CPU.Build.0 = Debug|Any CPU
		{C607967D-8717-453C-A0A6-C0133C03C7E0}.Release|Any CPU.ActiveCfg = Release|Any CPU
		{C607967D-8717-453C-A0A6-C0133C03C7E0}.Release|Any CPU.Build.0 = Release|Any CPU
		{212A909B-5752-433F-95A2-F9C9EC81A1D1}.Debug|Any CPU.ActiveCfg = Debug|Any CPU
		{212A909B-5752-433F-95A2-F9C9EC81A1D1}.Debug|Any CPU.Build.0 = Debug|Any CPU
		{212A909B-5752-433F-95A2-F9C9EC81A1D1}.Release|Any CPU.ActiveCfg = Release|Any CPU
		{212A909B-5752-433F-95A2-F9C9EC81A1D1}.Release|Any CPU.Build.0 = Release|Any CPU
	EndGlobalSection
	GlobalSection(SolutionProperties) = preSolution
		HideSolutionNode = FALSE
	EndGlobalSection
	GlobalSection(ExtensibilityGlobals) = postSolution
		SolutionGuid = {DAAAA616-7D4E-4158-8AD6-8FE09E82422F}
	EndGlobalSection
EndGlobal
